speakeasyVersion: 1.592.1
sources:
    Authlete API Explorer:
        sourceNamespace: authlete-api-explorer
        sourceRevisionDigest: sha256:d68874b68b3f271ecbc5b067ef8c1dc7fee5758a5519759d4a61ba0fe45b2434
        sourceBlobDigest: sha256:0558e660fc712b5f0e960c2b830b48751e20fe02747ab8ac3f6e959f221f22cf
        tags:
            - latest
            - 3.0.0
targets:
    authelete-bundled:
        source: Authlete API Explorer
        sourceNamespace: authlete-api-explorer
        sourceRevisionDigest: sha256:d68874b68b3f271ecbc5b067ef8c1dc7fee5758a5519759d4a61ba0fe45b2434
        sourceBlobDigest: sha256:0558e660fc712b5f0e960c2b830b48751e20fe02747ab8ac3f6e959f221f22cf
        codeSamplesNamespace: authlete-api-explorer-typescript-code-samples
        codeSamplesRevisionDigest: sha256:67536d6febec84e39c18199b8c2db5d5c94d23778b9021bdf1a95ed070e7a652
workflow:
    workflowVersion: 1.0.0
    speakeasyVersion: latest
    sources:
        Authlete API Explorer:
            inputs:
                - location: ./specs/spec1.json
            overlays:
                - location: .speakeasy/speakeasy-modifications-overlay.yaml
            transformations:
                - removeUnused: true
            output: .speakeasy/out.openapi.yaml
            registry:
                location: registry.speakeasyapi.dev/vartana/qwerty/authlete-api-explorer
    targets:
        authelete-bundled:
            target: typescript
            source: Authlete API Explorer
            publish:
                npm:
                    token: $npm_token
            codeSamples:
                registry:
                    location: registry.speakeasyapi.dev/vartana/qwerty/authlete-api-explorer-typescript-code-samples
                labelOverride:
                    fixedValue: Typescript (SDK)
                blocking: false
