speakeasyVersion: 1.592.1
sources:
    Authlete API Explorer:
        sourceNamespace: authlete-api-explorer
        sourceRevisionDigest: sha256:d68874b68b3f271ecbc5b067ef8c1dc7fee5758a5519759d4a61ba0fe45b2434
        sourceBlobDigest: sha256:0558e660fc712b5f0e960c2b830b48751e20fe02747ab8ac3f6e959f221f22cf
        tags:
            - latest
            - speakeasy-sdk-regen-1753731415
            - 3.0.0
targets:
    authelete-bundled:
        source: Authlete API Explorer
        sourceNamespace: authlete-api-explorer
        sourceRevisionDigest: sha256:d68874b68b3f271ecbc5b067ef8c1dc7fee5758a5519759d4a61ba0fe45b2434
        sourceBlobDigest: sha256:0558e660fc712b5f0e960c2b830b48751e20fe02747ab8ac3f6e959f221f22cf
        codeSamplesNamespace: authlete-api-explorer-typescript-code-samples
        codeSamplesRevisionDigest: sha256:0b7662bee49d7d39a33a186f2dc1d2cfdec1c46606db1a77a1da654680116a98
workflow:
    workflowVersion: 1.0.0
    speakeasyVersion: latest
    sources:
        Authlete API Explorer:
            inputs:
                - location: ./specs/spec1.json
            transformations:
                - removeUnused: true
            output: .speakeasy/out.openapi.yaml
            registry:
                location: registry.speakeasyapi.dev/vartana/qwerty/authlete-api-explorer
    targets:
        authelete-bundled:
            target: typescript
            source: Authlete API Explorer
            codeSamples:
                registry:
                    location: registry.speakeasyapi.dev/vartana/qwerty/authlete-api-explorer-typescript-code-samples
                labelOverride:
                    fixedValue: Typescript (SDK)
                blocking: false
