speakeasyVersion: 1.592.1
sources:
    Authlete API Explorer:
        sourceNamespace: authlete-api-explorer
        sourceRevisionDigest: sha256:e30759cb1d03876b29332053e971632bde7b7bdc1e20fca0c5a4a27a901dc918
        sourceBlobDigest: sha256:aaa828f0f95273331112978e8bfeb7888ce7b9e84c8f6943f80e67a03fc94931
        tags:
            - latest
            - 3.0.0
targets:
    authelete-bundled:
        source: Authlete API Explorer
        sourceNamespace: authlete-api-explorer
        sourceRevisionDigest: sha256:e30759cb1d03876b29332053e971632bde7b7bdc1e20fca0c5a4a27a901dc918
        sourceBlobDigest: sha256:aaa828f0f95273331112978e8bfeb7888ce7b9e84c8f6943f80e67a03fc94931
        codeSamplesNamespace: authlete-api-explorer-typescript-code-samples
        codeSamplesRevisionDigest: sha256:f34c9370de9ba47c6e54d982205a14580cbc440d75e4850311654f16dcd2bf38
workflow:
    workflowVersion: 1.0.0
    speakeasyVersion: latest
    sources:
        Authlete API Explorer:
            inputs:
                - location: ../Downloads/spec1.json
            transformations:
                - removeUnused: true
            output: .speakeasy/out.openapi.yaml
            registry:
                location: registry.speakeasyapi.dev/vartana/qwerty/authlete-api-explorer
    targets:
        authelete-bundled:
            target: typescript
            source: Authlete API Explorer
            codeSamples:
                registry:
                    location: registry.speakeasyapi.dev/vartana/qwerty/authlete-api-explorer-typescript-code-samples
                labelOverride:
                    fixedValue: Typescript (SDK)
                blocking: false
